
Microsoft Visual Studio Solution File, Format Version 12.00
# Visual Studio Version 17
VisualStudioVersion = 17.13.35919.96 d17.13
MinimumVisualStudioVersion = 10.0.40219.1
Project("{FAE04EC0-301F-11D3-BF4B-00C04F79EFBC}") = "ToDoListApp", "ToDoListApp\ToDoListApp.csproj", "{AEBD3BFD-62EE-4F0D-86B5-7C8509BEBE29}"
EndProject
Global
	GlobalSection(SolutionConfigurationPlatforms) = preSolution
		Debug|Any CPU = Debug|Any CPU
		Release|Any CPU = Release|Any CPU
	EndGlobalSection
	GlobalSection(ProjectConfigurationPlatforms) = postSolution
		{AEBD3BFD-62EE-4F0D-86B5-7C8509BEBE29}.Debug|Any CPU.ActiveCfg = Debug|Any CPU
		{AEBD3BFD-62EE-4F0D-86B5-7C8509BEBE29}.Debug|Any CPU.Build.0 = Debug|Any CPU
		{AEBD3BFD-62EE-4F0D-86B5-7C8509BEBE29}.Release|Any CPU.ActiveCfg = Release|Any CPU
		{AEBD3BFD-62EE-4F0D-86B5-7C8509BEBE29}.Release|Any CPU.Build.0 = Release|Any CPU
	EndGlobalSection
	GlobalSection(SolutionProperties) = preSolution
		HideSolutionNode = FALSE
	EndGlobalSection
	GlobalSection(ExtensibilityGlobals) = postSolution
		SolutionGuid = {565C7CE3-1989-4068-8D52-2FB694B7A47A}
	EndGlobalSection
EndGlobal
